
Microsoft Visual Studio Solution File, Format Version 12.00
# Visual Studio Version 17
VisualStudioVersion = 17.0.32014.148
MinimumVisualStudioVersion = 10.0.40219.1
Project("{8BC9CEB8-8B4A-11D0-8D11-00A0C91BC942}") = "AmountFruit", "AmountFruit\AmountFruit.vcxproj", "{95D73657-5A40-4EF8-BF57-1F0150F0470A}"
EndProject
Global
	GlobalSection(SolutionConfigurationPlatforms) = preSolution
		Debug|x64 = Debug|x64
		Debug|x86 = Debug|x86
		Release|x64 = Release|x64
		Release|x86 = Release|x86
	EndGlobalSection
	GlobalSection(ProjectConfigurationPlatforms) = postSolution
		{95D73657-5A40-4EF8-BF57-1F0150F0470A}.Debug|x64.ActiveCfg = Debug|x64
		{95D73657-5A40-4EF8-BF57-1F0150F0470A}.Debug|x64.Build.0 = Debug|x64
		{95D73657-5A40-4EF8-BF57-1F0150F0470A}.Debug|x86.ActiveCfg = Debug|Win32
		{95D73657-5A40-4EF8-BF57-1F0150F0470A}.Debug|x86.Build.0 = Debug|Win32
		{95D73657-5A40-4EF8-BF57-1F0150F0470A}.Release|x64.ActiveCfg = Release|x64
		{95D73657-5A40-4EF8-BF57-1F0150F0470A}.Release|x64.Build.0 = Release|x64
		{95D73657-5A40-4EF8-BF57-1F0150F0470A}.Release|x86.ActiveCfg = Release|Win32
		{95D73657-5A40-4EF8-BF57-1F0150F0470A}.Release|x86.Build.0 = Release|Win32
	EndGlobalSection
	GlobalSection(SolutionProperties) = preSolution
		HideSolutionNode = FALSE
	EndGlobalSection
	GlobalSection(ExtensibilityGlobals) = postSolution
		SolutionGuid = {0DB25FAC-98F8-4906-BC07-271B3F92958D}
	EndGlobalSection
EndGlobal
